// !$*UTF8*$!
{
	archiveVersion = 1;
	classes = {
	};
	objectVersion = 56;
	objects = {

/* Begin PBXBuildFile section */
		B1048D712976DDEF006E5097 /* Collections in Frameworks */ = {isa = PBXBuildFile; productRef = B1048D702976DDEF006E5097 /* Collections */; };
		B1048D732976DDEF006E5097 /* DequeModule in Frameworks */ = {isa = PBXBuildFile; productRef = B1048D722976DDEF006E5097 /* DequeModule */; };
		B1048D752976DDEF006E5097 /* OrderedCollections in Frameworks */ = {isa = PBXBuildFile; productRef = B1048D742976DDEF006E5097 /* OrderedCollections */; };
		B1048D7B2976DF30006E5097 /* PokedexConfig.swift in Sources */ = {isa = PBXBuildFile; fileRef = B1048D7A2976DF30006E5097 /* PokedexConfig.swift */; };
		B130C5AF299DC19D00C1D525 /* PokemonDetailView.swift in Sources */ = {isa = PBXBuildFile; fileRef = B130C5AE299DC19D00C1D525 /* PokemonDetailView.swift */; };
		B14C260529B622BF00D751B8 /* PokemonProgressViewStyle.swift in Sources */ = {isa = PBXBuildFile; fileRef = B14C260429B622BF00D751B8 /* PokemonProgressViewStyle.swift */; };
		B1537FB7299E29680054282E /* PokemonDetailViewModel.swift in Sources */ = {isa = PBXBuildFile; fileRef = B1537FB6299E29680054282E /* PokemonDetailViewModel.swift */; };
		B16D5CBC2979313400B04D08 /* PokemonAPI.swift in Sources */ = {isa = PBXBuildFile; fileRef = B16D5CBB2979313400B04D08 /* PokemonAPI.swift */; };
		B16D5CBF2979334200B04D08 /* PokemonNetwork.swift in Sources */ = {isa = PBXBuildFile; fileRef = B16D5CBE2979334200B04D08 /* PokemonNetwork.swift */; };
		B16D5CC12979348D00B04D08 /* NetworkManager.swift in Sources */ = {isa = PBXBuildFile; fileRef = B16D5CC02979348D00B04D08 /* NetworkManager.swift */; };
		B187400C2992207000511044 /* PokemonListView.swift in Sources */ = {isa = PBXBuildFile; fileRef = B187400B2992207000511044 /* PokemonListView.swift */; };
		B187400E2992210D00511044 /* PokemonListViewModel.swift in Sources */ = {isa = PBXBuildFile; fileRef = B187400D2992210D00511044 /* PokemonListViewModel.swift */; };
		B1891EA3297922BC0071D9FC /* PokemonResponse.swift in Sources */ = {isa = PBXBuildFile; fileRef = B1891EA2297922BC0071D9FC /* PokemonResponse.swift */; };
		B1AFAA6D296AC29000C517BE /* PokedexApp.swift in Sources */ = {isa = PBXBuildFile; fileRef = B1AFAA6C296AC29000C517BE /* PokedexApp.swift */; };
		B1AFAA71296AC29000C517BE /* Assets.xcassets in Resources */ = {isa = PBXBuildFile; fileRef = B1AFAA70296AC29000C517BE /* Assets.xcassets */; };
		B1AFAA74296AC29000C517BE /* Preview Assets.xcassets in Resources */ = {isa = PBXBuildFile; fileRef = B1AFAA73296AC29000C517BE /* Preview Assets.xcassets */; };
		B1AFAA79296AC29000C517BE /* Pokedex.xcdatamodeld in Sources */ = {isa = PBXBuildFile; fileRef = B1AFAA77296AC29000C517BE /* Pokedex.xcdatamodeld */; };
		B1AFAA83296AC29000C517BE /* PokedexTests.swift in Sources */ = {isa = PBXBuildFile; fileRef = B1AFAA82296AC29000C517BE /* PokedexTests.swift */; };
		B1AFAA8D296AC29000C517BE /* PokedexUITests.swift in Sources */ = {isa = PBXBuildFile; fileRef = B1AFAA8C296AC29000C517BE /* PokedexUITests.swift */; };
		B1AFAA8F296AC29000C517BE /* PokedexUITestsLaunchTests.swift in Sources */ = {isa = PBXBuildFile; fileRef = B1AFAA8E296AC29000C517BE /* PokedexUITestsLaunchTests.swift */; };
		B1C1B59529792CAE00593881 /* PokemonListResponse.swift in Sources */ = {isa = PBXBuildFile; fileRef = B1C1B59429792CAE00593881 /* PokemonListResponse.swift */; };
		B1C51245299A074300348847 /* ActivityIndicatorView in Frameworks */ = {isa = PBXBuildFile; productRef = B1C51244299A074300348847 /* ActivityIndicatorView */; };
		B1C51248299A3DC000348847 /* Show.swift in Sources */ = {isa = PBXBuildFile; fileRef = B1C51247299A3DC000348847 /* Show.swift */; };
		B1F59A5C29923183009F87CD /* PokemonListItem.swift in Sources */ = {isa = PBXBuildFile; fileRef = B1F59A5B29923183009F87CD /* PokemonListItem.swift */; };
/* End PBXBuildFile section */

/* Begin PBXContainerItemProxy section */
		B1AFAA7F296AC29000C517BE /* PBXContainerItemProxy */ = {
			isa = PBXContainerItemProxy;
			containerPortal = B1AFAA61296AC28F00C517BE /* Project object */;
			proxyType = 1;
			remoteGlobalIDString = B1AFAA68296AC29000C517BE;
			remoteInfo = Pokedex;
		};
		B1AFAA89296AC29000C517BE /* PBXContainerItemProxy */ = {
			isa = PBXContainerItemProxy;
			containerPortal = B1AFAA61296AC28F00C517BE /* Project object */;
			proxyType = 1;
			remoteGlobalIDString = B1AFAA68296AC29000C517BE;
			remoteInfo = Pokedex;
		};
/* End PBXContainerItemProxy section */

/* Begin PBXFileReference section */
		B1048D7A2976DF30006E5097 /* PokedexConfig.swift */ = {isa = PBXFileReference; lastKnownFileType = sourcecode.swift; path = PokedexConfig.swift; sourceTree = "<group>"; };
		B1048D7C2976DF87006E5097 /* PokedexConfig.debug.xcconfig */ = {isa = PBXFileReference; lastKnownFileType = text.xcconfig; path = PokedexConfig.debug.xcconfig; sourceTree = "<group>"; };
		B1048D7D2976DFA4006E5097 /* PokedexConfig.release.xcconfig */ = {isa = PBXFileReference; lastKnownFileType = text.xcconfig; path = PokedexConfig.release.xcconfig; sourceTree = "<group>"; };
		B1048D7E2976E23C006E5097 /* Info.plist */ = {isa = PBXFileReference; lastKnownFileType = text.plist; path = Info.plist; sourceTree = "<group>"; };
		B130C5AE299DC19D00C1D525 /* PokemonDetailView.swift */ = {isa = PBXFileReference; lastKnownFileType = sourcecode.swift; path = PokemonDetailView.swift; sourceTree = "<group>"; };
		B14C260429B622BF00D751B8 /* PokemonProgressViewStyle.swift */ = {isa = PBXFileReference; lastKnownFileType = sourcecode.swift; path = PokemonProgressViewStyle.swift; sourceTree = "<group>"; };
		B1537FB6299E29680054282E /* PokemonDetailViewModel.swift */ = {isa = PBXFileReference; lastKnownFileType = sourcecode.swift; path = PokemonDetailViewModel.swift; sourceTree = "<group>"; };
		B16D5CBB2979313400B04D08 /* PokemonAPI.swift */ = {isa = PBXFileReference; lastKnownFileType = sourcecode.swift; path = PokemonAPI.swift; sourceTree = "<group>"; };
		B16D5CBE2979334200B04D08 /* PokemonNetwork.swift */ = {isa = PBXFileReference; lastKnownFileType = sourcecode.swift; path = PokemonNetwork.swift; sourceTree = "<group>"; };
		B16D5CC02979348D00B04D08 /* NetworkManager.swift */ = {isa = PBXFileReference; lastKnownFileType = sourcecode.swift; path = NetworkManager.swift; sourceTree = "<group>"; };
		B187400B2992207000511044 /* PokemonListView.swift */ = {isa = PBXFileReference; lastKnownFileType = sourcecode.swift; path = PokemonListView.swift; sourceTree = "<group>"; };
		B187400D2992210D00511044 /* PokemonListViewModel.swift */ = {isa = PBXFileReference; lastKnownFileType = sourcecode.swift; path = PokemonListViewModel.swift; sourceTree = "<group>"; };
		B1891EA2297922BC0071D9FC /* PokemonResponse.swift */ = {isa = PBXFileReference; lastKnownFileType = sourcecode.swift; path = PokemonResponse.swift; sourceTree = "<group>"; };
		B1AFAA69296AC29000C517BE /* Pokedex.app */ = {isa = PBXFileReference; explicitFileType = wrapper.application; includeInIndex = 0; path = Pokedex.app; sourceTree = BUILT_PRODUCTS_DIR; };
		B1AFAA6C296AC29000C517BE /* PokedexApp.swift */ = {isa = PBXFileReference; lastKnownFileType = sourcecode.swift; path = PokedexApp.swift; sourceTree = "<group>"; };
		B1AFAA70296AC29000C517BE /* Assets.xcassets */ = {isa = PBXFileReference; lastKnownFileType = folder.assetcatalog; path = Assets.xcassets; sourceTree = "<group>"; };
		B1AFAA73296AC29000C517BE /* Preview Assets.xcassets */ = {isa = PBXFileReference; lastKnownFileType = folder.assetcatalog; path = "Preview Assets.xcassets"; sourceTree = "<group>"; };
		B1AFAA78296AC29000C517BE /* Pokedex.xcdatamodel */ = {isa = PBXFileReference; lastKnownFileType = wrapper.xcdatamodel; path = Pokedex.xcdatamodel; sourceTree = "<group>"; };
		B1AFAA7E296AC29000C517BE /* PokedexTests.xctest */ = {isa = PBXFileReference; explicitFileType = wrapper.cfbundle; includeInIndex = 0; path = PokedexTests.xctest; sourceTree = BUILT_PRODUCTS_DIR; };
		B1AFAA82296AC29000C517BE /* PokedexTests.swift */ = {isa = PBXFileReference; lastKnownFileType = sourcecode.swift; path = PokedexTests.swift; sourceTree = "<group>"; };
		B1AFAA88296AC29000C517BE /* PokedexUITests.xctest */ = {isa = PBXFileReference; explicitFileType = wrapper.cfbundle; includeInIndex = 0; path = PokedexUITests.xctest; sourceTree = BUILT_PRODUCTS_DIR; };
		B1AFAA8C296AC29000C517BE /* PokedexUITests.swift */ = {isa = PBXFileReference; lastKnownFileType = sourcecode.swift; path = PokedexUITests.swift; sourceTree = "<group>"; };
		B1AFAA8E296AC29000C517BE /* PokedexUITestsLaunchTests.swift */ = {isa = PBXFileReference; lastKnownFileType = sourcecode.swift; path = PokedexUITestsLaunchTests.swift; sourceTree = "<group>"; };
		B1C1B59429792CAE00593881 /* PokemonListResponse.swift */ = {isa = PBXFileReference; lastKnownFileType = sourcecode.swift; path = PokemonListResponse.swift; sourceTree = "<group>"; };
		B1C51247299A3DC000348847 /* Show.swift */ = {isa = PBXFileReference; lastKnownFileType = sourcecode.swift; path = Show.swift; sourceTree = "<group>"; };
		B1F59A5B29923183009F87CD /* PokemonListItem.swift */ = {isa = PBXFileReference; lastKnownFileType = sourcecode.swift; path = PokemonListItem.swift; sourceTree = "<group>"; };
/* End PBXFileReference section */

/* Begin PBXFrameworksBuildPhase section */
		B1AFAA66296AC29000C517BE /* Frameworks */ = {
			isa = PBXFrameworksBuildPhase;
			buildActionMask = 2147483647;
			files = (
				B1C51245299A074300348847 /* ActivityIndicatorView in Frameworks */,
				B1048D712976DDEF006E5097 /* Collections in Frameworks */,
				B1048D732976DDEF006E5097 /* DequeModule in Frameworks */,
				B1048D752976DDEF006E5097 /* OrderedCollections in Frameworks */,
			);
			runOnlyForDeploymentPostprocessing = 0;
		};
		B1AFAA7B296AC29000C517BE /* Frameworks */ = {
			isa = PBXFrameworksBuildPhase;
			buildActionMask = 2147483647;
			files = (
			);
			runOnlyForDeploymentPostprocessing = 0;
		};
		B1AFAA85296AC29000C517BE /* Frameworks */ = {
			isa = PBXFrameworksBuildPhase;
			buildActionMask = 2147483647;
			files = (
			);
			runOnlyForDeploymentPostprocessing = 0;
		};
/* End PBXFrameworksBuildPhase section */

/* Begin PBXGroup section */
		B1048D792976DF1A006E5097 /* Config */ = {
			isa = PBXGroup;
			children = (
				B1048D7A2976DF30006E5097 /* PokedexConfig.swift */,
				B1048D7C2976DF87006E5097 /* PokedexConfig.debug.xcconfig */,
				B1048D7D2976DFA4006E5097 /* PokedexConfig.release.xcconfig */,
			);
			path = Config;
			sourceTree = "<group>";
		};
		B16D5CBD2979333300B04D08 /* API */ = {
			isa = PBXGroup;
			children = (
				B16D5CBB2979313400B04D08 /* PokemonAPI.swift */,
				B16D5CBE2979334200B04D08 /* PokemonNetwork.swift */,
			);
			path = API;
			sourceTree = "<group>";
		};
		B187400A29921F8000511044 /* View */ = {
			isa = PBXGroup;
			children = (
				B1C51246299A3B1700348847 /* Modifiler */,
				B1F59A5929923119009F87CD /* PokemonList */,
			);
			path = View;
			sourceTree = "<group>";
		};
		B1891E9E2976E9680071D9FC /* Network */ = {
			isa = PBXGroup;
			children = (
				B1891E9F297922500071D9FC /* Model */,
				B16D5CBD2979333300B04D08 /* API */,
				B16D5CC02979348D00B04D08 /* NetworkManager.swift */,
			);
			path = Network;
			sourceTree = "<group>";
		};
		B1891E9F297922500071D9FC /* Model */ = {
			isa = PBXGroup;
			children = (
				B1891EA2297922BC0071D9FC /* PokemonResponse.swift */,
				B1C1B59429792CAE00593881 /* PokemonListResponse.swift */,
			);
			path = Model;
			sourceTree = "<group>";
		};
		B1AFAA60296AC28F00C517BE = {
			isa = PBXGroup;
			children = (
				B1AFAA6B296AC29000C517BE /* Pokedex */,
				B1AFAA81296AC29000C517BE /* PokedexTests */,
				B1AFAA8B296AC29000C517BE /* PokedexUITests */,
				B1AFAA6A296AC29000C517BE /* Products */,
			);
			sourceTree = "<group>";
		};
		B1AFAA6A296AC29000C517BE /* Products */ = {
			isa = PBXGroup;
			children = (
				B1AFAA69296AC29000C517BE /* Pokedex.app */,
				B1AFAA7E296AC29000C517BE /* PokedexTests.xctest */,
				B1AFAA88296AC29000C517BE /* PokedexUITests.xctest */,
			);
			name = Products;
			sourceTree = "<group>";
		};
		B1AFAA6B296AC29000C517BE /* Pokedex */ = {
			isa = PBXGroup;
			children = (
				B1048D7E2976E23C006E5097 /* Info.plist */,
				B1048D792976DF1A006E5097 /* Config */,
				B1891E9E2976E9680071D9FC /* Network */,
				B187400A29921F8000511044 /* View */,
				B1AFAA6C296AC29000C517BE /* PokedexApp.swift */,
				B1AFAA70296AC29000C517BE /* Assets.xcassets */,
				B1AFAA77296AC29000C517BE /* Pokedex.xcdatamodeld */,
				B1AFAA72296AC29000C517BE /* Preview Content */,
			);
			path = Pokedex;
			sourceTree = "<group>";
		};
		B1AFAA72296AC29000C517BE /* Preview Content */ = {
			isa = PBXGroup;
			children = (
				B1AFAA73296AC29000C517BE /* Preview Assets.xcassets */,
			);
			path = "Preview Content";
			sourceTree = "<group>";
		};
		B1AFAA81296AC29000C517BE /* PokedexTests */ = {
			isa = PBXGroup;
			children = (
				B1AFAA82296AC29000C517BE /* PokedexTests.swift */,
			);
			path = PokedexTests;
			sourceTree = "<group>";
		};
		B1AFAA8B296AC29000C517BE /* PokedexUITests */ = {
			isa = PBXGroup;
			children = (
				B1AFAA8C296AC29000C517BE /* PokedexUITests.swift */,
				B1AFAA8E296AC29000C517BE /* PokedexUITestsLaunchTests.swift */,
			);
			path = PokedexUITests;
			sourceTree = "<group>";
		};
		B1C51246299A3B1700348847 /* Modifiler */ = {
			isa = PBXGroup;
			children = (
				B1C51247299A3DC000348847 /* Show.swift */,
			);
			path = Modifiler;
			sourceTree = "<group>";
		};
		B1F59A5929923119009F87CD /* PokemonList */ = {
			isa = PBXGroup;
			children = (
				B1F59A5A29923129009F87CD /* Components */,
				B187400B2992207000511044 /* PokemonListView.swift */,
				B187400D2992210D00511044 /* PokemonListViewModel.swift */,
				B130C5AE299DC19D00C1D525 /* PokemonDetailView.swift */,
				B1537FB6299E29680054282E /* PokemonDetailViewModel.swift */,
			);
			path = PokemonList;
			sourceTree = "<group>";
		};
		B1F59A5A29923129009F87CD /* Components */ = {
			isa = PBXGroup;
			children = (
				B1F59A5B29923183009F87CD /* PokemonListItem.swift */,
				B14C260429B622BF00D751B8 /* PokemonProgressViewStyle.swift */,
			);
			path = Components;
			sourceTree = "<group>";
		};
/* End PBXGroup section */

/* Begin PBXNativeTarget section */
		B1AFAA68296AC29000C517BE /* Pokedex */ = {
			isa = PBXNativeTarget;
			buildConfigurationList = B1AFAA92296AC29000C517BE /* Build configuration list for PBXNativeTarget "Pokedex" */;
			buildPhases = (
				B1AFAA65296AC29000C517BE /* Sources */,
				B1AFAA66296AC29000C517BE /* Frameworks */,
				B1AFAA67296AC29000C517BE /* Resources */,
			);
			buildRules = (
			);
			dependencies = (
			);
			name = Pokedex;
			packageProductDependencies = (
				B1048D702976DDEF006E5097 /* Collections */,
				B1048D722976DDEF006E5097 /* DequeModule */,
				B1048D742976DDEF006E5097 /* OrderedCollections */,
				B1C51244299A074300348847 /* ActivityIndicatorView */,
			);
			productName = Pokedex;
			productReference = B1AFAA69296AC29000C517BE /* Pokedex.app */;
			productType = "com.apple.product-type.application";
		};
		B1AFAA7D296AC29000C517BE /* PokedexTests */ = {
			isa = PBXNativeTarget;
			buildConfigurationList = B1AFAA95296AC29000C517BE /* Build configuration list for PBXNativeTarget "PokedexTests" */;
			buildPhases = (
				B1AFAA7A296AC29000C517BE /* Sources */,
				B1AFAA7B296AC29000C517BE /* Frameworks */,
				B1AFAA7C296AC29000C517BE /* Resources */,
			);
			buildRules = (
			);
			dependencies = (
				B1AFAA80296AC29000C517BE /* PBXTargetDependency */,
			);
			name = PokedexTests;
			productName = PokedexTests;
			productReference = B1AFAA7E296AC29000C517BE /* PokedexTests.xctest */;
			productType = "com.apple.product-type.bundle.unit-test";
		};
		B1AFAA87296AC29000C517BE /* PokedexUITests */ = {
			isa = PBXNativeTarget;
			buildConfigurationList = B1AFAA98296AC29000C517BE /* Build configuration list for PBXNativeTarget "PokedexUITests" */;
			buildPhases = (
				B1AFAA84296AC29000C517BE /* Sources */,
				B1AFAA85296AC29000C517BE /* Frameworks */,
				B1AFAA86296AC29000C517BE /* Resources */,
			);
			buildRules = (
			);
			dependencies = (
				B1AFAA8A296AC29000C517BE /* PBXTargetDependency */,
			);
			name = PokedexUITests;
			productName = PokedexUITests;
			productReference = B1AFAA88296AC29000C517BE /* PokedexUITests.xctest */;
			productType = "com.apple.product-type.bundle.ui-testing";
		};
/* End PBXNativeTarget section */

/* Begin PBXProject section */
		B1AFAA61296AC28F00C517BE /* Project object */ = {
			isa = PBXProject;
			attributes = {
				BuildIndependentTargetsInParallel = 1;
				LastSwiftUpdateCheck = 1420;
				LastUpgradeCheck = 1420;
				TargetAttributes = {
					B1AFAA68296AC29000C517BE = {
						CreatedOnToolsVersion = 14.2;
					};
					B1AFAA7D296AC29000C517BE = {
						CreatedOnToolsVersion = 14.2;
						TestTargetID = B1AFAA68296AC29000C517BE;
					};
					B1AFAA87296AC29000C517BE = {
						CreatedOnToolsVersion = 14.2;
						TestTargetID = B1AFAA68296AC29000C517BE;
					};
				};
			};
			buildConfigurationList = B1AFAA64296AC28F00C517BE /* Build configuration list for PBXProject "Pokedex" */;
			compatibilityVersion = "Xcode 14.0";
			developmentRegion = en;
			hasScannedForEncodings = 0;
			knownRegions = (
				en,
				Base,
			);
			mainGroup = B1AFAA60296AC28F00C517BE;
			packageReferences = (
				B1048D6F2976DDEF006E5097 /* XCRemoteSwiftPackageReference "swift-collections" */,
				B1C51243299A074300348847 /* XCRemoteSwiftPackageReference "ActivityIndicatorView" */,
			);
			productRefGroup = B1AFAA6A296AC29000C517BE /* Products */;
			projectDirPath = "";
			projectRoot = "";
			targets = (
				B1AFAA68296AC29000C517BE /* Pokedex */,
				B1AFAA7D296AC29000C517BE /* PokedexTests */,
				B1AFAA87296AC29000C517BE /* PokedexUITests */,
			);
		};
/* End PBXProject section */

/* Begin PBXResourcesBuildPhase section */
		B1AFAA67296AC29000C517BE /* Resources */ = {
			isa = PBXResourcesBuildPhase;
			buildActionMask = 2147483647;
			files = (
				B1AFAA74296AC29000C517BE /* Preview Assets.xcassets in Resources */,
				B1AFAA71296AC29000C517BE /* Assets.xcassets in Resources */,
			);
			runOnlyForDeploymentPostprocessing = 0;
		};
		B1AFAA7C296AC29000C517BE /* Resources */ = {
			isa = PBXResourcesBuildPhase;
			buildActionMask = 2147483647;
			files = (
			);
			runOnlyForDeploymentPostprocessing = 0;
		};
		B1AFAA86296AC29000C517BE /* Resources */ = {
			isa = PBXResourcesBuildPhase;
			buildActionMask = 2147483647;
			files = (
			);
			runOnlyForDeploymentPostprocessing = 0;
		};
/* End PBXResourcesBuildPhase section */

/* Begin PBXSourcesBuildPhase section */
		B1AFAA65296AC29000C517BE /* Sources */ = {
			isa = PBXSourcesBuildPhase;
			buildActionMask = 2147483647;
			files = (
				B130C5AF299DC19D00C1D525 /* PokemonDetailView.swift in Sources */,
				B1AFAA79296AC29000C517BE /* Pokedex.xcdatamodeld in Sources */,
				B16D5CBF2979334200B04D08 /* PokemonNetwork.swift in Sources */,
				B16D5CC12979348D00B04D08 /* NetworkManager.swift in Sources */,
				B1891EA3297922BC0071D9FC /* PokemonResponse.swift in Sources */,
				B14C260529B622BF00D751B8 /* PokemonProgressViewStyle.swift in Sources */,
				B1048D7B2976DF30006E5097 /* PokedexConfig.swift in Sources */,
				B1C1B59529792CAE00593881 /* PokemonListResponse.swift in Sources */,
				B1C51248299A3DC000348847 /* Show.swift in Sources */,
				B1F59A5C29923183009F87CD /* PokemonListItem.swift in Sources */,
				B16D5CBC2979313400B04D08 /* PokemonAPI.swift in Sources */,
				B187400C2992207000511044 /* PokemonListView.swift in Sources */,
				B1537FB7299E29680054282E /* PokemonDetailViewModel.swift in Sources */,
				B187400E2992210D00511044 /* PokemonListViewModel.swift in Sources */,
				B1AFAA6D296AC29000C517BE /* PokedexApp.swift in Sources */,
			);
			runOnlyForDeploymentPostprocessing = 0;
		};
		B1AFAA7A296AC29000C517BE /* Sources */ = {
			isa = PBXSourcesBuildPhase;
			buildActionMask = 2147483647;
			files = (
				B1AFAA83296AC29000C517BE /* PokedexTests.swift in Sources */,
			);
			runOnlyForDeploymentPostprocessing = 0;
		};
		B1AFAA84296AC29000C517BE /* Sources */ = {
			isa = PBXSourcesBuildPhase;
			buildActionMask = 2147483647;
			files = (
				B1AFAA8D296AC29000C517BE /* PokedexUITests.swift in Sources */,
				B1AFAA8F296AC29000C517BE /* PokedexUITestsLaunchTests.swift in Sources */,
			);
			runOnlyForDeploymentPostprocessing = 0;
		};
/* End PBXSourcesBuildPhase section */

/* Begin PBXTargetDependency section */
		B1AFAA80296AC29000C517BE /* PBXTargetDependency */ = {
			isa = PBXTargetDependency;
			target = B1AFAA68296AC29000C517BE /* Pokedex */;
			targetProxy = B1AFAA7F296AC29000C517BE /* PBXContainerItemProxy */;
		};
		B1AFAA8A296AC29000C517BE /* PBXTargetDependency */ = {
			isa = PBXTargetDependency;
			target = B1AFAA68296AC29000C517BE /* Pokedex */;
			targetProxy = B1AFAA89296AC29000C517BE /* PBXContainerItemProxy */;
		};
/* End PBXTargetDependency section */

/* Begin XCBuildConfiguration section */
		B1AFAA90296AC29000C517BE /* Debug */ = {
			isa = XCBuildConfiguration;
			buildSettings = {
				ALWAYS_SEARCH_USER_PATHS = NO;
				CLANG_ANALYZER_NONNULL = YES;
				CLANG_ANALYZER_NUMBER_OBJECT_CONVERSION = YES_AGGRESSIVE;
				CLANG_CXX_LANGUAGE_STANDARD = "gnu++20";
				CLANG_ENABLE_MODULES = YES;
				CLANG_ENABLE_OBJC_ARC = YES;
				CLANG_ENABLE_OBJC_WEAK = YES;
				CLANG_WARN_BLOCK_CAPTURE_AUTORELEASING = YES;
				CLANG_WARN_BOOL_CONVERSION = YES;
				CLANG_WARN_COMMA = YES;
				CLANG_WARN_CONSTANT_CONVERSION = YES;
				CLANG_WARN_DEPRECATED_OBJC_IMPLEMENTATIONS = YES;
				CLANG_WARN_DIRECT_OBJC_ISA_USAGE = YES_ERROR;
				CLANG_WARN_DOCUMENTATION_COMMENTS = YES;
				CLANG_WARN_EMPTY_BODY = YES;
				CLANG_WARN_ENUM_CONVERSION = YES;
				CLANG_WARN_INFINITE_RECURSION = YES;
				CLANG_WARN_INT_CONVERSION = YES;
				CLANG_WARN_NON_LITERAL_NULL_CONVERSION = YES;
				CLANG_WARN_OBJC_IMPLICIT_RETAIN_SELF = YES;
				CLANG_WARN_OBJC_LITERAL_CONVERSION = YES;
				CLANG_WARN_OBJC_ROOT_CLASS = YES_ERROR;
				CLANG_WARN_QUOTED_INCLUDE_IN_FRAMEWORK_HEADER = YES;
				CLANG_WARN_RANGE_LOOP_ANALYSIS = YES;
				CLANG_WARN_STRICT_PROTOTYPES = YES;
				CLANG_WARN_SUSPICIOUS_MOVE = YES;
				CLANG_WARN_UNGUARDED_AVAILABILITY = YES_AGGRESSIVE;
				CLANG_WARN_UNREACHABLE_CODE = YES;
				CLANG_WARN__DUPLICATE_METHOD_MATCH = YES;
				COPY_PHASE_STRIP = NO;
				DEBUG_INFORMATION_FORMAT = dwarf;
				ENABLE_STRICT_OBJC_MSGSEND = YES;
				ENABLE_TESTABILITY = YES;
				GCC_C_LANGUAGE_STANDARD = gnu11;
				GCC_DYNAMIC_NO_PIC = NO;
				GCC_NO_COMMON_BLOCKS = YES;
				GCC_OPTIMIZATION_LEVEL = 0;
				GCC_PREPROCESSOR_DEFINITIONS = (
					"DEBUG=1",
					"$(inherited)",
				);
				GCC_WARN_64_TO_32_BIT_CONVERSION = YES;
				GCC_WARN_ABOUT_RETURN_TYPE = YES_ERROR;
				GCC_WARN_UNDECLARED_SELECTOR = YES;
				GCC_WARN_UNINITIALIZED_AUTOS = YES_AGGRESSIVE;
				GCC_WARN_UNUSED_FUNCTION = YES;
				GCC_WARN_UNUSED_VARIABLE = YES;
				IPHONEOS_DEPLOYMENT_TARGET = 16.2;
				MTL_ENABLE_DEBUG_INFO = INCLUDE_SOURCE;
				MTL_FAST_MATH = YES;
				ONLY_ACTIVE_ARCH = YES;
				SDKROOT = iphoneos;
				SWIFT_ACTIVE_COMPILATION_CONDITIONS = DEBUG;
				SWIFT_OPTIMIZATION_LEVEL = "-Onone";
			};
			name = Debug;
		};
		B1AFAA91296AC29000C517BE /* Release */ = {
			isa = XCBuildConfiguration;
			buildSettings = {
				ALWAYS_SEARCH_USER_PATHS = NO;
				CLANG_ANALYZER_NONNULL = YES;
				CLANG_ANALYZER_NUMBER_OBJECT_CONVERSION = YES_AGGRESSIVE;
				CLANG_CXX_LANGUAGE_STANDARD = "gnu++20";
				CLANG_ENABLE_MODULES = YES;
				CLANG_ENABLE_OBJC_ARC = YES;
				CLANG_ENABLE_OBJC_WEAK = YES;
				CLANG_WARN_BLOCK_CAPTURE_AUTORELEASING = YES;
				CLANG_WARN_BOOL_CONVERSION = YES;
				CLANG_WARN_COMMA = YES;
				CLANG_WARN_CONSTANT_CONVERSION = YES;
				CLANG_WARN_DEPRECATED_OBJC_IMPLEMENTATIONS = YES;
				CLANG_WARN_DIRECT_OBJC_ISA_USAGE = YES_ERROR;
				CLANG_WARN_DOCUMENTATION_COMMENTS = YES;
				CLANG_WARN_EMPTY_BODY = YES;
				CLANG_WARN_ENUM_CONVERSION = YES;
				CLANG_WARN_INFINITE_RECURSION = YES;
				CLANG_WARN_INT_CONVERSION = YES;
				CLANG_WARN_NON_LITERAL_NULL_CONVERSION = YES;
				CLANG_WARN_OBJC_IMPLICIT_RETAIN_SELF = YES;
				CLANG_WARN_OBJC_LITERAL_CONVERSION = YES;
				CLANG_WARN_OBJC_ROOT_CLASS = YES_ERROR;
				CLANG_WARN_QUOTED_INCLUDE_IN_FRAMEWORK_HEADER = YES;
				CLANG_WARN_RANGE_LOOP_ANALYSIS = YES;
				CLANG_WARN_STRICT_PROTOTYPES = YES;
				CLANG_WARN_SUSPICIOUS_MOVE = YES;
				CLANG_WARN_UNGUARDED_AVAILABILITY = YES_AGGRESSIVE;
				CLANG_WARN_UNREACHABLE_CODE = YES;
				CLANG_WARN__DUPLICATE_METHOD_MATCH = YES;
				COPY_PHASE_STRIP = NO;
				DEBUG_INFORMATION_FORMAT = "dwarf-with-dsym";
				ENABLE_NS_ASSERTIONS = NO;
				ENABLE_STRICT_OBJC_MSGSEND = YES;
				GCC_C_LANGUAGE_STANDARD = gnu11;
				GCC_NO_COMMON_BLOCKS = YES;
				GCC_WARN_64_TO_32_BIT_CONVERSION = YES;
				GCC_WARN_ABOUT_RETURN_TYPE = YES_ERROR;
				GCC_WARN_UNDECLARED_SELECTOR = YES;
				GCC_WARN_UNINITIALIZED_AUTOS = YES_AGGRESSIVE;
				GCC_WARN_UNUSED_FUNCTION = YES;
				GCC_WARN_UNUSED_VARIABLE = YES;
				IPHONEOS_DEPLOYMENT_TARGET = 16.2;
				MTL_ENABLE_DEBUG_INFO = NO;
				MTL_FAST_MATH = YES;
				SDKROOT = iphoneos;
				SWIFT_COMPILATION_MODE = wholemodule;
				SWIFT_OPTIMIZATION_LEVEL = "-O";
				VALIDATE_PRODUCT = YES;
			};
			name = Release;
		};
		B1AFAA93296AC29000C517BE /* Debug */ = {
			isa = XCBuildConfiguration;
			baseConfigurationReference = B1048D7C2976DF87006E5097 /* PokedexConfig.debug.xcconfig */;
			buildSettings = {
				ASSETCATALOG_COMPILER_APPICON_NAME = AppIcon;
				ASSETCATALOG_COMPILER_GLOBAL_ACCENT_COLOR_NAME = AccentColor;
				CODE_SIGN_STYLE = Automatic;
				CURRENT_PROJECT_VERSION = 1;
				DEVELOPMENT_ASSET_PATHS = "\"Pokedex/Preview Content\"";
				DEVELOPMENT_TEAM = Y2LV7QFN9B;
				ENABLE_PREVIEWS = YES;
				GENERATE_INFOPLIST_FILE = YES;
				INFOPLIST_FILE = Pokedex/Info.plist;
				INFOPLIST_KEY_UIApplicationSceneManifest_Generation = YES;
				INFOPLIST_KEY_UIApplicationSupportsIndirectInputEvents = YES;
				INFOPLIST_KEY_UILaunchScreen_Generation = YES;
				INFOPLIST_KEY_UISupportedInterfaceOrientations = UIInterfaceOrientationPortrait;
				LD_RUNPATH_SEARCH_PATHS = (
					"$(inherited)",
					"@executable_path/Frameworks",
				);
				MARKETING_VERSION = 1.0.0;
				PRODUCT_BUNDLE_IDENTIFIER = com.jhk.pokedex.Pokedex;
				PRODUCT_NAME = "$(TARGET_NAME)";
				SWIFT_EMIT_LOC_STRINGS = YES;
				SWIFT_VERSION = 5.0;
				TARGETED_DEVICE_FAMILY = "1,2";
			};
			name = Debug;
		};
		B1AFAA94296AC29000C517BE /* Release */ = {
			isa = XCBuildConfiguration;
			baseConfigurationReference = B1048D7D2976DFA4006E5097 /* PokedexConfig.release.xcconfig */;
			buildSettings = {
				ASSETCATALOG_COMPILER_APPICON_NAME = AppIcon;
				ASSETCATALOG_COMPILER_GLOBAL_ACCENT_COLOR_NAME = AccentColor;
				CODE_SIGN_STYLE = Automatic;
				CURRENT_PROJECT_VERSION = 1;
				DEVELOPMENT_ASSET_PATHS = "\"Pokedex/Preview Content\"";
				DEVELOPMENT_TEAM = Y2LV7QFN9B;
				ENABLE_PREVIEWS = YES;
				GENERATE_INFOPLIST_FILE = YES;
				INFOPLIST_FILE = Pokedex/Info.plist;
				INFOPLIST_KEY_UIApplicationSceneManifest_Generation = YES;
				INFOPLIST_KEY_UIApplicationSupportsIndirectInputEvents = YES;
				INFOPLIST_KEY_UILaunchScreen_Generation = YES;
				INFOPLIST_KEY_UISupportedInterfaceOrientations = UIInterfaceOrientationPortrait;
				LD_RUNPATH_SEARCH_PATHS = (
					"$(inherited)",
					"@executable_path/Frameworks",
				);
				MARKETING_VERSION = 1.0.0;
				PRODUCT_BUNDLE_IDENTIFIER = com.jhk.pokedex.Pokedex;
				PRODUCT_NAME = "$(TARGET_NAME)";
				SWIFT_EMIT_LOC_STRINGS = YES;
				SWIFT_VERSION = 5.0;
				TARGETED_DEVICE_FAMILY = "1,2";
			};
			name = Release;
		};
		B1AFAA96296AC29000C517BE /* Debug */ = {
			isa = XCBuildConfiguration;
			buildSettings = {
				ALWAYS_EMBED_SWIFT_STANDARD_LIBRARIES = YES;
				BUNDLE_LOADER = "$(TEST_HOST)";
				CODE_SIGN_STYLE = Automatic;
				CURRENT_PROJECT_VERSION = 1;
				DEVELOPMENT_TEAM = Y2LV7QFN9B;
				GENERATE_INFOPLIST_FILE = YES;
				IPHONEOS_DEPLOYMENT_TARGET = 16.2;
				MARKETING_VERSION = 1.0;
				PRODUCT_BUNDLE_IDENTIFIER = com.jhk.pokedex.PokedexTests;
				PRODUCT_NAME = "$(TARGET_NAME)";
				SWIFT_EMIT_LOC_STRINGS = NO;
				SWIFT_VERSION = 5.0;
				TARGETED_DEVICE_FAMILY = "1,2";
				TEST_HOST = "$(BUILT_PRODUCTS_DIR)/Pokedex.app/$(BUNDLE_EXECUTABLE_FOLDER_PATH)/Pokedex";
			};
			name = Debug;
		};
		B1AFAA97296AC29000C517BE /* Release */ = {
			isa = XCBuildConfiguration;
			buildSettings = {
				ALWAYS_EMBED_SWIFT_STANDARD_LIBRARIES = YES;
				BUNDLE_LOADER = "$(TEST_HOST)";
				CODE_SIGN_STYLE = Automatic;
				CURRENT_PROJECT_VERSION = 1;
				DEVELOPMENT_TEAM = Y2LV7QFN9B;
				GENERATE_INFOPLIST_FILE = YES;
				IPHONEOS_DEPLOYMENT_TARGET = 16.2;
				MARKETING_VERSION = 1.0;
				PRODUCT_BUNDLE_IDENTIFIER = com.jhk.pokedex.PokedexTests;
				PRODUCT_NAME = "$(TARGET_NAME)";
				SWIFT_EMIT_LOC_STRINGS = NO;
				SWIFT_VERSION = 5.0;
				TARGETED_DEVICE_FAMILY = "1,2";
				TEST_HOST = "$(BUILT_PRODUCTS_DIR)/Pokedex.app/$(BUNDLE_EXECUTABLE_FOLDER_PATH)/Pokedex";
			};
			name = Release;
		};
		B1AFAA99296AC29000C517BE /* Debug */ = {
			isa = XCBuildConfiguration;
			buildSettings = {
				ALWAYS_EMBED_SWIFT_STANDARD_LIBRARIES = YES;
				CODE_SIGN_STYLE = Automatic;
				CURRENT_PROJECT_VERSION = 1;
				DEVELOPMENT_TEAM = Y2LV7QFN9B;
				GENERATE_INFOPLIST_FILE = YES;
				MARKETING_VERSION = 1.0;
				PRODUCT_BUNDLE_IDENTIFIER = com.jhk.pokedex.PokedexUITests;
				PRODUCT_NAME = "$(TARGET_NAME)";
				SWIFT_EMIT_LOC_STRINGS = NO;
				SWIFT_VERSION = 5.0;
				TARGETED_DEVICE_FAMILY = "1,2";
				TEST_TARGET_NAME = Pokedex;
			};
			name = Debug;
		};
		B1AFAA9A296AC29000C517BE /* Release */ = {
			isa = XCBuildConfiguration;
			buildSettings = {
				ALWAYS_EMBED_SWIFT_STANDARD_LIBRARIES = YES;
				CODE_SIGN_STYLE = Automatic;
				CURRENT_PROJECT_VERSION = 1;
				DEVELOPMENT_TEAM = Y2LV7QFN9B;
				GENERATE_INFOPLIST_FILE = YES;
				MARKETING_VERSION = 1.0;
				PRODUCT_BUNDLE_IDENTIFIER = com.jhk.pokedex.PokedexUITests;
				PRODUCT_NAME = "$(TARGET_NAME)";
				SWIFT_EMIT_LOC_STRINGS = NO;
				SWIFT_VERSION = 5.0;
				TARGETED_DEVICE_FAMILY = "1,2";
				TEST_TARGET_NAME = Pokedex;
			};
			name = Release;
		};
/* End XCBuildConfiguration section */

/* Begin XCConfigurationList section */
		B1AFAA64296AC28F00C517BE /* Build configuration list for PBXProject "Pokedex" */ = {
			isa = XCConfigurationList;
			buildConfigurations = (
				B1AFAA90296AC29000C517BE /* Debug */,
				B1AFAA91296AC29000C517BE /* Release */,
			);
			defaultConfigurationIsVisible = 0;
			defaultConfigurationName = Release;
		};
		B1AFAA92296AC29000C517BE /* Build configuration list for PBXNativeTarget "Pokedex" */ = {
			isa = XCConfigurationList;
			buildConfigurations = (
				B1AFAA93296AC29000C517BE /* Debug */,
				B1AFAA94296AC29000C517BE /* Release */,
			);
			defaultConfigurationIsVisible = 0;
			defaultConfigurationName = Release;
		};
		B1AFAA95296AC29000C517BE /* Build configuration list for PBXNativeTarget "PokedexTests" */ = {
			isa = XCConfigurationList;
			buildConfigurations = (
				B1AFAA96296AC29000C517BE /* Debug */,
				B1AFAA97296AC29000C517BE /* Release */,
			);
			defaultConfigurationIsVisible = 0;
			defaultConfigurationName = Release;
		};
		B1AFAA98296AC29000C517BE /* Build configuration list for PBXNativeTarget "PokedexUITests" */ = {
			isa = XCConfigurationList;
			buildConfigurations = (
				B1AFAA99296AC29000C517BE /* Debug */,
				B1AFAA9A296AC29000C517BE /* Release */,
			);
			defaultConfigurationIsVisible = 0;
			defaultConfigurationName = Release;
		};
/* End XCConfigurationList section */

/* Begin XCRemoteSwiftPackageReference section */
		B1048D6F2976DDEF006E5097 /* XCRemoteSwiftPackageReference "swift-collections" */ = {
			isa = XCRemoteSwiftPackageReference;
			repositoryURL = "https://github.com/apple/swift-collections.git";
			requirement = {
				kind = upToNextMajorVersion;
				minimumVersion = 1.0.0;
			};
		};
		B1C51243299A074300348847 /* XCRemoteSwiftPackageReference "ActivityIndicatorView" */ = {
			isa = XCRemoteSwiftPackageReference;
			repositoryURL = "https://github.com/exyte/ActivityIndicatorView.git";
			requirement = {
				branch = master;
				kind = branch;
			};
		};
/* End XCRemoteSwiftPackageReference section */

/* Begin XCSwiftPackageProductDependency section */
		B1048D702976DDEF006E5097 /* Collections */ = {
			isa = XCSwiftPackageProductDependency;
			package = B1048D6F2976DDEF006E5097 /* XCRemoteSwiftPackageReference "swift-collections" */;
			productName = Collections;
		};
		B1048D722976DDEF006E5097 /* DequeModule */ = {
			isa = XCSwiftPackageProductDependency;
			package = B1048D6F2976DDEF006E5097 /* XCRemoteSwiftPackageReference "swift-collections" */;
			productName = DequeModule;
		};
		B1048D742976DDEF006E5097 /* OrderedCollections */ = {
			isa = XCSwiftPackageProductDependency;
			package = B1048D6F2976DDEF006E5097 /* XCRemoteSwiftPackageReference "swift-collections" */;
			productName = OrderedCollections;
		};
		B1C51244299A074300348847 /* ActivityIndicatorView */ = {
			isa = XCSwiftPackageProductDependency;
			package = B1C51243299A074300348847 /* XCRemoteSwiftPackageReference "ActivityIndicatorView" */;
			productName = ActivityIndicatorView;
		};
/* End XCSwiftPackageProductDependency section */

/* Begin XCVersionGroup section */
		B1AFAA77296AC29000C517BE /* Pokedex.xcdatamodeld */ = {
			isa = XCVersionGroup;
			children = (
				B1AFAA78296AC29000C517BE /* Pokedex.xcdatamodel */,
			);
			currentVersion = B1AFAA78296AC29000C517BE /* Pokedex.xcdatamodel */;
			path = Pokedex.xcdatamodeld;
			sourceTree = "<group>";
			versionGroupType = wrapper.xcdatamodel;
		};
/* End XCVersionGroup section */
	};
	rootObject = B1AFAA61296AC28F00C517BE /* Project object */;
}
